
Microsoft Visual Studio Solution File, Format Version 12.00
# Visual Studio Version 17
VisualStudioVersion = 17.4.33103.184
MinimumVisualStudioVersion = 10.0.40219.1
Project("{FAE04EC0-301F-11D3-BF4B-00C04F79EFBC}") = "EmployeeApi", "..\..\Api\Employee\EmployeeApi\EmployeeApi\EmployeeApi.csproj", "{F641FFDD-A4D0-450E-BC5F-48A0DD4D9B9E}"
EndProject
Global
	GlobalSection(SolutionConfigurationPlatforms) = preSolution
		Debug|Any CPU = Debug|Any CPU
		Release|Any CPU = Release|Any CPU
	EndGlobalSection
	GlobalSection(ProjectConfigurationPlatforms) = postSolution
		{F641FFDD-A4D0-450E-BC5F-48A0DD4D9B9E}.Debug|Any CPU.ActiveCfg = Debug|Any CPU
		{F641FFDD-A4D0-450E-BC5F-48A0DD4D9B9E}.Debug|Any CPU.Build.0 = Debug|Any CPU
		{F641FFDD-A4D0-450E-BC5F-48A0DD4D9B9E}.Release|Any CPU.ActiveCfg = Release|Any CPU
		{F641FFDD-A4D0-450E-BC5F-48A0DD4D9B9E}.Release|Any CPU.Build.0 = Release|Any CPU
	EndGlobalSection
	GlobalSection(SolutionProperties) = preSolution
		HideSolutionNode = FALSE
	EndGlobalSection
	GlobalSection(ExtensibilityGlobals) = postSolution
		SolutionGuid = {FB7216A0-1365-4688-B7DD-9719A1606B42}
	EndGlobalSection
EndGlobal
